# This file is autogenerated, do not edit; changes may be undone by the next 'dep ensure'.


[[projects]]
  branch = "v2"
  name = "gopkg.in/ns1/ns1-go.v2"
  packages = [
    "rest",
    "rest/model/account",
    "rest/model/data",
    "rest/model/dns",
    "rest/model/filter",
    "rest/model/monitor"
  ]
  revision = "737a440630af706f38d63ce0268d436284a4a684"

[solve-meta]
  analyzer-name = "dep"
  analyzer-version = 1
  inputs-digest = "08591da2a88a20d7e4307ccd66301dca4033bea9212df4e851f74384d763910c"
  solver-name = "gps-cdcl"
  solver-version = 1
